
Microsoft Visual Studio Solution File, Format Version 12.00
# Visual Studio Version 17
VisualStudioVersion = 17.9.34723.18
MinimumVisualStudioVersion = 10.0.40219.1
Project("{9A19103F-16F7-4668-BE54-9A1E7A4F7556}") = "AppTracker", "AppTracker\AppTracker.csproj", "{231F731E-4F35-40F0-A222-E23728FB765F}"
EndProject
Project("{FAE04EC0-301F-11D3-BF4B-00C04F79EFBC}") = "AppTracker.DataAccess", "AppTracker.DataAccess\AppTracker.DataAccess.csproj", "{F9F867A5-463E-4E35-BA67-BE7F9A1BB870}"
EndProject
Global
	GlobalSection(SolutionConfigurationPlatforms) = preSolution
		Debug|Any CPU = Debug|Any CPU
		Release|Any CPU = Release|Any CPU
	EndGlobalSection
	GlobalSection(ProjectConfigurationPlatforms) = postSolution
		{231F731E-4F35-40F0-A222-E23728FB765F}.Debug|Any CPU.ActiveCfg = Debug|Any CPU
		{231F731E-4F35-40F0-A222-E23728FB765F}.Debug|Any CPU.Build.0 = Debug|Any CPU
		{231F731E-4F35-40F0-A222-E23728FB765F}.Release|Any CPU.ActiveCfg = Release|Any CPU
		{231F731E-4F35-40F0-A222-E23728FB765F}.Release|Any CPU.Build.0 = Release|Any CPU
		{F9F867A5-463E-4E35-BA67-BE7F9A1BB870}.Debug|Any CPU.ActiveCfg = Debug|Any CPU
		{F9F867A5-463E-4E35-BA67-BE7F9A1BB870}.Debug|Any CPU.Build.0 = Debug|Any CPU
		{F9F867A5-463E-4E35-BA67-BE7F9A1BB870}.Release|Any CPU.ActiveCfg = Release|Any CPU
		{F9F867A5-463E-4E35-BA67-BE7F9A1BB870}.Release|Any CPU.Build.0 = Release|Any CPU
	EndGlobalSection
	GlobalSection(SolutionProperties) = preSolution
		HideSolutionNode = FALSE
	EndGlobalSection
	GlobalSection(ExtensibilityGlobals) = postSolution
		SolutionGuid = {D9DB0F4B-8D90-4F17-B451-667C690FED1D}
	EndGlobalSection
EndGlobal
